
Microsoft Visual Studio Solution File, Format Version 12.00
# Visual Studio Version 17
VisualStudioVersion = 17.0.31903.59
MinimumVisualStudioVersion = 10.0.40219.1
Project("{FAE04EC0-301F-11D3-BF4B-00C04F79EFBC}") = "classical-vs-mockist-testing.Core", "classical-vs-mockist-testing.Core\classical-vs-mockist-testing.Core.csproj", "{22C3DA89-994F-43F3-8B83-9B720846C83B}"
EndProject
Project("{FAE04EC0-301F-11D3-BF4B-00C04F79EFBC}") = "classical-vs-mockist-testing.Tests", "classical-vs-mockist-testing.Tests\classical-vs-mockist-testing.Tests.csproj", "{520D77A3-989F-42D8-A533-64A86E093D37}"
EndProject
Global
	GlobalSection(SolutionConfigurationPlatforms) = preSolution
		Debug|Any CPU = Debug|Any CPU
		Debug|x64 = Debug|x64
		Debug|x86 = Debug|x86
		Release|Any CPU = Release|Any CPU
		Release|x64 = Release|x64
		Release|x86 = Release|x86
	EndGlobalSection
	GlobalSection(ProjectConfigurationPlatforms) = postSolution
		{22C3DA89-994F-43F3-8B83-9B720846C83B}.Debug|Any CPU.ActiveCfg = Debug|Any CPU
		{22C3DA89-994F-43F3-8B83-9B720846C83B}.Debug|Any CPU.Build.0 = Debug|Any CPU
		{22C3DA89-994F-43F3-8B83-9B720846C83B}.Debug|x64.ActiveCfg = Debug|Any CPU
		{22C3DA89-994F-43F3-8B83-9B720846C83B}.Debug|x64.Build.0 = Debug|Any CPU
		{22C3DA89-994F-43F3-8B83-9B720846C83B}.Debug|x86.ActiveCfg = Debug|Any CPU
		{22C3DA89-994F-43F3-8B83-9B720846C83B}.Debug|x86.Build.0 = Debug|Any CPU
		{22C3DA89-994F-43F3-8B83-9B720846C83B}.Release|Any CPU.ActiveCfg = Release|Any CPU
		{22C3DA89-994F-43F3-8B83-9B720846C83B}.Release|Any CPU.Build.0 = Release|Any CPU
		{22C3DA89-994F-43F3-8B83-9B720846C83B}.Release|x64.ActiveCfg = Release|Any CPU
		{22C3DA89-994F-43F3-8B83-9B720846C83B}.Release|x64.Build.0 = Release|Any CPU
		{22C3DA89-994F-43F3-8B83-9B720846C83B}.Release|x86.ActiveCfg = Release|Any CPU
		{22C3DA89-994F-43F3-8B83-9B720846C83B}.Release|x86.Build.0 = Release|Any CPU
		{520D77A3-989F-42D8-A533-64A86E093D37}.Debug|Any CPU.ActiveCfg = Debug|Any CPU
		{520D77A3-989F-42D8-A533-64A86E093D37}.Debug|Any CPU.Build.0 = Debug|Any CPU
		{520D77A3-989F-42D8-A533-64A86E093D37}.Debug|x64.ActiveCfg = Debug|Any CPU
		{520D77A3-989F-42D8-A533-64A86E093D37}.Debug|x64.Build.0 = Debug|Any CPU
		{520D77A3-989F-42D8-A533-64A86E093D37}.Debug|x86.ActiveCfg = Debug|Any CPU
		{520D77A3-989F-42D8-A533-64A86E093D37}.Debug|x86.Build.0 = Debug|Any CPU
		{520D77A3-989F-42D8-A533-64A86E093D37}.Release|Any CPU.ActiveCfg = Release|Any CPU
		{520D77A3-989F-42D8-A533-64A86E093D37}.Release|Any CPU.Build.0 = Release|Any CPU
		{520D77A3-989F-42D8-A533-64A86E093D37}.Release|x64.ActiveCfg = Release|Any CPU
		{520D77A3-989F-42D8-A533-64A86E093D37}.Release|x64.Build.0 = Release|Any CPU
		{520D77A3-989F-42D8-A533-64A86E093D37}.Release|x86.ActiveCfg = Release|Any CPU
		{520D77A3-989F-42D8-A533-64A86E093D37}.Release|x86.Build.0 = Release|Any CPU
	EndGlobalSection
	GlobalSection(SolutionProperties) = preSolution
		HideSolutionNode = FALSE
	EndGlobalSection
EndGlobal
